{
  "meteor": {
    "git": "https://github.com/meteor/meteor.git",
    "branch": "master",
    "commit": "1dfc7171f237a029cca74cbf25024acbf6ed5b75"
  },
  "dependencies": {
    "basePackages": {
      "ng": {
        "path": ".."
      },
      "blade": {}
    },
    "packages": {
      "ng": {
        "path": ".."
      },
      "blade": {
        "git": "https://github.com/bminer/meteor-blade.git",
        "tag": "v3.2.2meteor2",
        "commit": "1d7e6fd1287261a8f14da88e3ad829eb3195ef95"
      }
    }
  }
}
